
Microsoft Visual Studio Solution File, Format Version 12.00
# Visual Studio Version 17
VisualStudioVersion = 17.13.35931.197 d17.13
MinimumVisualStudioVersion = 10.0.40219.1
Project("{888888A0-9F3D-457C-B088-3A5042F75D52}") = "StravaDashboard", "StravaDashboard\StravaDashboard.pyproj", "{2113E28B-E06E-4C49-AA73-FD57C851575A}"
EndProject
Global
	GlobalSection(SolutionConfigurationPlatforms) = preSolution
		Debug|Any CPU = Debug|Any CPU
		Release|Any CPU = Release|Any CPU
	EndGlobalSection
	GlobalSection(ProjectConfigurationPlatforms) = postSolution
		{2113E28B-E06E-4C49-AA73-FD57C851575A}.Debug|Any CPU.ActiveCfg = Debug|Any CPU
		{2113E28B-E06E-4C49-AA73-FD57C851575A}.Release|Any CPU.ActiveCfg = Release|Any CPU
	EndGlobalSection
	GlobalSection(SolutionProperties) = preSolution
		HideSolutionNode = FALSE
	EndGlobalSection
	GlobalSection(ExtensibilityGlobals) = postSolution
		SolutionGuid = {9BC06386-A48A-4314-81AD-8D1632B39A60}
	EndGlobalSection
EndGlobal
